
Microsoft Visual Studio Solution File, Format Version 12.00
# Visual Studio Version 17
VisualStudioVersion = 17.4.33213.308
MinimumVisualStudioVersion = 10.0.40219.1
Project("{FAE04EC0-301F-11D3-BF4B-00C04F79EFBC}") = "pawmart_jc", "pawmart_jc\pawmart_jc.csproj", "{59644F3F-2C8B-4E39-B965-CCB88F1DC623}"
EndProject
Global
	GlobalSection(SolutionConfigurationPlatforms) = preSolution
		Debug|Any CPU = Debug|Any CPU
		Release|Any CPU = Release|Any CPU
	EndGlobalSection
	GlobalSection(ProjectConfigurationPlatforms) = postSolution
		{59644F3F-2C8B-4E39-B965-CCB88F1DC623}.Debug|Any CPU.ActiveCfg = Debug|Any CPU
		{59644F3F-2C8B-4E39-B965-CCB88F1DC623}.Debug|Any CPU.Build.0 = Debug|Any CPU
		{59644F3F-2C8B-4E39-B965-CCB88F1DC623}.Release|Any CPU.ActiveCfg = Release|Any CPU
		{59644F3F-2C8B-4E39-B965-CCB88F1DC623}.Release|Any CPU.Build.0 = Release|Any CPU
	EndGlobalSection
	GlobalSection(SolutionProperties) = preSolution
		HideSolutionNode = FALSE
	EndGlobalSection
	GlobalSection(ExtensibilityGlobals) = postSolution
		SolutionGuid = {E795D7B6-AA82-499C-8957-85862FE49989}
	EndGlobalSection
EndGlobal
